// !$*UTF8*$!
{
	archiveVersion = 1;
	classes = {
	};
	objectVersion = 56;
	objects = {

/* Begin PBXBuildFile section */
		2E22DDC2DFF27A57DC5D2425 /* Pods_HelloCulture.framework in Frameworks */ = {isa = PBXBuildFile; fileRef = 0605D3FE44ACFC076A9A8C7F /* Pods_HelloCulture.framework */; };
		66602D5C29E15433005905D6 /* ShadowView.swift in Sources */ = {isa = PBXBuildFile; fileRef = 66602D5B29E15433005905D6 /* ShadowView.swift */; };
		66602D6029E44019005905D6 /* DetailViewController.swift in Sources */ = {isa = PBXBuildFile; fileRef = 66602D5F29E44019005905D6 /* DetailViewController.swift */; };
		66602D6329E4403E005905D6 /* DetailViewModel.swift in Sources */ = {isa = PBXBuildFile; fileRef = 66602D6229E4403E005905D6 /* DetailViewModel.swift */; };
		66602D6529E44047005905D6 /* DetailUsecase.swift in Sources */ = {isa = PBXBuildFile; fileRef = 66602D6429E44047005905D6 /* DetailUsecase.swift */; };
		66602D6729E44050005905D6 /* DetailView.swift in Sources */ = {isa = PBXBuildFile; fileRef = 66602D6629E44050005905D6 /* DetailView.swift */; };
		66602D6929E4405D005905D6 /* HomeUsecase.swift in Sources */ = {isa = PBXBuildFile; fileRef = 66602D6829E4405D005905D6 /* HomeUsecase.swift */; };
		66BFBE8529DC208B00667E2B /* ImageCell.swift in Sources */ = {isa = PBXBuildFile; fileRef = 66BFBE8429DC208B00667E2B /* ImageCell.swift */; };
		66BFBE8829DC2EBC00667E2B /* HomeHeaderView.swift in Sources */ = {isa = PBXBuildFile; fileRef = 66BFBE8729DC2EBC00667E2B /* HomeHeaderView.swift */; };
		66D4F35929DC1A820082BDEE /* AppDelegate.swift in Sources */ = {isa = PBXBuildFile; fileRef = 66D4F35829DC1A820082BDEE /* AppDelegate.swift */; };
		66D4F35B29DC1A820082BDEE /* SceneDelegate.swift in Sources */ = {isa = PBXBuildFile; fileRef = 66D4F35A29DC1A820082BDEE /* SceneDelegate.swift */; };
		66D4F35D29DC1A820082BDEE /* MainTabBarController.swift in Sources */ = {isa = PBXBuildFile; fileRef = 66D4F35C29DC1A820082BDEE /* MainTabBarController.swift */; };
		66D4F36229DC1A830082BDEE /* Assets.xcassets in Resources */ = {isa = PBXBuildFile; fileRef = 66D4F36129DC1A830082BDEE /* Assets.xcassets */; };
		66D4F36529DC1A830082BDEE /* LaunchScreen.storyboard in Resources */ = {isa = PBXBuildFile; fileRef = 66D4F36329DC1A830082BDEE /* LaunchScreen.storyboard */; };
		66D4F36D29DC1CCE0082BDEE /* HomeViewController.swift in Sources */ = {isa = PBXBuildFile; fileRef = 66D4F36C29DC1CCE0082BDEE /* HomeViewController.swift */; };
		66D4F36F29DC1CE20082BDEE /* HomeViewModel.swift in Sources */ = {isa = PBXBuildFile; fileRef = 66D4F36E29DC1CE20082BDEE /* HomeViewModel.swift */; };
		66D4F37129DC1CE70082BDEE /* HomeView.swift in Sources */ = {isa = PBXBuildFile; fileRef = 66D4F37029DC1CE70082BDEE /* HomeView.swift */; };
/* End PBXBuildFile section */

/* Begin PBXFileReference section */
		0605D3FE44ACFC076A9A8C7F /* Pods_HelloCulture.framework */ = {isa = PBXFileReference; explicitFileType = wrapper.framework; includeInIndex = 0; path = Pods_HelloCulture.framework; sourceTree = BUILT_PRODUCTS_DIR; };
		66602D5B29E15433005905D6 /* ShadowView.swift */ = {isa = PBXFileReference; lastKnownFileType = sourcecode.swift; path = ShadowView.swift; sourceTree = "<group>"; };
		66602D5F29E44019005905D6 /* DetailViewController.swift */ = {isa = PBXFileReference; lastKnownFileType = sourcecode.swift; path = DetailViewController.swift; sourceTree = "<group>"; };
		66602D6229E4403E005905D6 /* DetailViewModel.swift */ = {isa = PBXFileReference; lastKnownFileType = sourcecode.swift; path = DetailViewModel.swift; sourceTree = "<group>"; };
		66602D6429E44047005905D6 /* DetailUsecase.swift */ = {isa = PBXFileReference; lastKnownFileType = sourcecode.swift; path = DetailUsecase.swift; sourceTree = "<group>"; };
		66602D6629E44050005905D6 /* DetailView.swift */ = {isa = PBXFileReference; lastKnownFileType = sourcecode.swift; path = DetailView.swift; sourceTree = "<group>"; };
		66602D6829E4405D005905D6 /* HomeUsecase.swift */ = {isa = PBXFileReference; lastKnownFileType = sourcecode.swift; path = HomeUsecase.swift; sourceTree = "<group>"; };
		666CC900B9397FE326EF36CC /* Pods-HelloCulture.debug.xcconfig */ = {isa = PBXFileReference; includeInIndex = 1; lastKnownFileType = text.xcconfig; name = "Pods-HelloCulture.debug.xcconfig"; path = "Target Support Files/Pods-HelloCulture/Pods-HelloCulture.debug.xcconfig"; sourceTree = "<group>"; };
		66BFBE8429DC208B00667E2B /* ImageCell.swift */ = {isa = PBXFileReference; lastKnownFileType = sourcecode.swift; path = ImageCell.swift; sourceTree = "<group>"; };
		66BFBE8729DC2EBC00667E2B /* HomeHeaderView.swift */ = {isa = PBXFileReference; lastKnownFileType = sourcecode.swift; path = HomeHeaderView.swift; sourceTree = "<group>"; };
		66D4F35529DC1A820082BDEE /* HelloCulture.app */ = {isa = PBXFileReference; explicitFileType = wrapper.application; includeInIndex = 0; path = HelloCulture.app; sourceTree = BUILT_PRODUCTS_DIR; };
		66D4F35829DC1A820082BDEE /* AppDelegate.swift */ = {isa = PBXFileReference; lastKnownFileType = sourcecode.swift; path = AppDelegate.swift; sourceTree = "<group>"; };
		66D4F35A29DC1A820082BDEE /* SceneDelegate.swift */ = {isa = PBXFileReference; lastKnownFileType = sourcecode.swift; path = SceneDelegate.swift; sourceTree = "<group>"; };
		66D4F35C29DC1A820082BDEE /* MainTabBarController.swift */ = {isa = PBXFileReference; lastKnownFileType = sourcecode.swift; path = MainTabBarController.swift; sourceTree = "<group>"; };
		66D4F36129DC1A830082BDEE /* Assets.xcassets */ = {isa = PBXFileReference; lastKnownFileType = folder.assetcatalog; path = Assets.xcassets; sourceTree = "<group>"; };
		66D4F36429DC1A830082BDEE /* Base */ = {isa = PBXFileReference; lastKnownFileType = file.storyboard; name = Base; path = Base.lproj/LaunchScreen.storyboard; sourceTree = "<group>"; };
		66D4F36629DC1A830082BDEE /* Info.plist */ = {isa = PBXFileReference; lastKnownFileType = text.plist.xml; path = Info.plist; sourceTree = "<group>"; };
		66D4F36C29DC1CCE0082BDEE /* HomeViewController.swift */ = {isa = PBXFileReference; lastKnownFileType = sourcecode.swift; path = HomeViewController.swift; sourceTree = "<group>"; };
		66D4F36E29DC1CE20082BDEE /* HomeViewModel.swift */ = {isa = PBXFileReference; lastKnownFileType = sourcecode.swift; path = HomeViewModel.swift; sourceTree = "<group>"; };
		66D4F37029DC1CE70082BDEE /* HomeView.swift */ = {isa = PBXFileReference; lastKnownFileType = sourcecode.swift; path = HomeView.swift; sourceTree = "<group>"; };
		6FD22BB8025E0D6B09114A58 /* Pods-HelloCulture.release.xcconfig */ = {isa = PBXFileReference; includeInIndex = 1; lastKnownFileType = text.xcconfig; name = "Pods-HelloCulture.release.xcconfig"; path = "Target Support Files/Pods-HelloCulture/Pods-HelloCulture.release.xcconfig"; sourceTree = "<group>"; };
/* End PBXFileReference section */

/* Begin PBXFrameworksBuildPhase section */
		66D4F35229DC1A820082BDEE /* Frameworks */ = {
			isa = PBXFrameworksBuildPhase;
			buildActionMask = 2147483647;
			files = (
				2E22DDC2DFF27A57DC5D2425 /* Pods_HelloCulture.framework in Frameworks */,
			);
			runOnlyForDeploymentPostprocessing = 0;
		};
/* End PBXFrameworksBuildPhase section */

/* Begin PBXGroup section */
		484944C12974A0100F669355 /* Pods */ = {
			isa = PBXGroup;
			children = (
				666CC900B9397FE326EF36CC /* Pods-HelloCulture.debug.xcconfig */,
				6FD22BB8025E0D6B09114A58 /* Pods-HelloCulture.release.xcconfig */,
			);
			path = Pods;
			sourceTree = "<group>";
		};
		6304143B9599DDCAAC9AED29 /* Frameworks */ = {
			isa = PBXGroup;
			children = (
				0605D3FE44ACFC076A9A8C7F /* Pods_HelloCulture.framework */,
			);
			name = Frameworks;
			sourceTree = "<group>";
		};
		66602D5D29E43FC9005905D6 /* AppLifeCycle */ = {
			isa = PBXGroup;
			children = (
				66D4F35829DC1A820082BDEE /* AppDelegate.swift */,
				66D4F35A29DC1A820082BDEE /* SceneDelegate.swift */,
				66D4F35C29DC1A820082BDEE /* MainTabBarController.swift */,
				66D4F36329DC1A830082BDEE /* LaunchScreen.storyboard */,
			);
			path = AppLifeCycle;
			sourceTree = "<group>";
		};
		66602D5E29E43FD8005905D6 /* Resources */ = {
			isa = PBXGroup;
			children = (
				66D4F36129DC1A830082BDEE /* Assets.xcassets */,
			);
			path = Resources;
			sourceTree = "<group>";
		};
		66602D6129E44028005905D6 /* Detail */ = {
			isa = PBXGroup;
			children = (
				66602D6B29E4406C005905D6 /* ViewController */,
				66602D6C29E44072005905D6 /* ViewModel */,
				66602D6D29E44077005905D6 /* Usecase */,
				66602D6E29E4407B005905D6 /* View */,
			);
			path = Detail;
			sourceTree = "<group>";
		};
		66602D6A29E44062005905D6 /* Usecase */ = {
			isa = PBXGroup;
			children = (
				66602D6829E4405D005905D6 /* HomeUsecase.swift */,
			);
			path = Usecase;
			sourceTree = "<group>";
		};
		66602D6B29E4406C005905D6 /* ViewController */ = {
			isa = PBXGroup;
			children = (
				66602D5F29E44019005905D6 /* DetailViewController.swift */,
			);
			path = ViewController;
			sourceTree = "<group>";
		};
		66602D6C29E44072005905D6 /* ViewModel */ = {
			isa = PBXGroup;
			children = (
				66602D6229E4403E005905D6 /* DetailViewModel.swift */,
			);
			path = ViewModel;
			sourceTree = "<group>";
		};
		66602D6D29E44077005905D6 /* Usecase */ = {
			isa = PBXGroup;
			children = (
				66602D6429E44047005905D6 /* DetailUsecase.swift */,
			);
			path = Usecase;
			sourceTree = "<group>";
		};
		66602D6E29E4407B005905D6 /* View */ = {
			isa = PBXGroup;
			children = (
				66602D6629E44050005905D6 /* DetailView.swift */,
			);
			path = View;
			sourceTree = "<group>";
		};
		66D4F34C29DC1A820082BDEE = {
			isa = PBXGroup;
			children = (
				66D4F35729DC1A820082BDEE /* HelloCulture */,
				66D4F35629DC1A820082BDEE /* Products */,
				484944C12974A0100F669355 /* Pods */,
				6304143B9599DDCAAC9AED29 /* Frameworks */,
			);
			sourceTree = "<group>";
		};
		66D4F35629DC1A820082BDEE /* Products */ = {
			isa = PBXGroup;
			children = (
				66D4F35529DC1A820082BDEE /* HelloCulture.app */,
			);
			name = Products;
			sourceTree = "<group>";
		};
		66D4F35729DC1A820082BDEE /* HelloCulture */ = {
			isa = PBXGroup;
			children = (
				66D4F37229DC1CEB0082BDEE /* Home */,
				66602D6129E44028005905D6 /* Detail */,
				66602D5D29E43FC9005905D6 /* AppLifeCycle */,
				66602D5E29E43FD8005905D6 /* Resources */,
				66D4F36629DC1A830082BDEE /* Info.plist */,
			);
			path = HelloCulture;
			sourceTree = "<group>";
		};
		66D4F37229DC1CEB0082BDEE /* Home */ = {
			isa = PBXGroup;
			children = (
				66D4F37329DC1CEE0082BDEE /* ViewController */,
				66D4F37429DC1CF60082BDEE /* ViewModel */,
				66602D6A29E44062005905D6 /* Usecase */,
				66D4F37529DC1CFB0082BDEE /* View */,
			);
			path = Home;
			sourceTree = "<group>";
		};
		66D4F37329DC1CEE0082BDEE /* ViewController */ = {
			isa = PBXGroup;
			children = (
				66D4F36C29DC1CCE0082BDEE /* HomeViewController.swift */,
			);
			path = ViewController;
			sourceTree = "<group>";
		};
		66D4F37429DC1CF60082BDEE /* ViewModel */ = {
			isa = PBXGroup;
			children = (
				66D4F36E29DC1CE20082BDEE /* HomeViewModel.swift */,
			);
			path = ViewModel;
			sourceTree = "<group>";
		};
		66D4F37529DC1CFB0082BDEE /* View */ = {
			isa = PBXGroup;
			children = (
				66D4F37029DC1CE70082BDEE /* HomeView.swift */,
				66BFBE8729DC2EBC00667E2B /* HomeHeaderView.swift */,
				66BFBE8429DC208B00667E2B /* ImageCell.swift */,
				66602D5B29E15433005905D6 /* ShadowView.swift */,
			);
			path = View;
			sourceTree = "<group>";
		};
/* End PBXGroup section */

/* Begin PBXNativeTarget section */
		66D4F35429DC1A820082BDEE /* HelloCulture */ = {
			isa = PBXNativeTarget;
			buildConfigurationList = 66D4F36929DC1A830082BDEE /* Build configuration list for PBXNativeTarget "HelloCulture" */;
			buildPhases = (
				E32862D7CD286A19DB3DBFBB /* [CP] Check Pods Manifest.lock */,
				66D4F35129DC1A820082BDEE /* Sources */,
				66D4F35229DC1A820082BDEE /* Frameworks */,
				66D4F35329DC1A820082BDEE /* Resources */,
			);
			buildRules = (
			);
			dependencies = (
			);
			name = HelloCulture;
			productName = HelloCulture;
			productReference = 66D4F35529DC1A820082BDEE /* HelloCulture.app */;
			productType = "com.apple.product-type.application";
		};
/* End PBXNativeTarget section */

/* Begin PBXProject section */
		66D4F34D29DC1A820082BDEE /* Project object */ = {
			isa = PBXProject;
			attributes = {
				BuildIndependentTargetsInParallel = 1;
				LastSwiftUpdateCheck = 1430;
				LastUpgradeCheck = 1430;
				TargetAttributes = {
					66D4F35429DC1A820082BDEE = {
						CreatedOnToolsVersion = 14.3;
					};
				};
			};
			buildConfigurationList = 66D4F35029DC1A820082BDEE /* Build configuration list for PBXProject "HelloCulture" */;
			compatibilityVersion = "Xcode 14.0";
			developmentRegion = en;
			hasScannedForEncodings = 0;
			knownRegions = (
				en,
				Base,
			);
			mainGroup = 66D4F34C29DC1A820082BDEE;
			productRefGroup = 66D4F35629DC1A820082BDEE /* Products */;
			projectDirPath = "";
			projectRoot = "";
			targets = (
				66D4F35429DC1A820082BDEE /* HelloCulture */,
			);
		};
/* End PBXProject section */

/* Begin PBXResourcesBuildPhase section */
		66D4F35329DC1A820082BDEE /* Resources */ = {
			isa = PBXResourcesBuildPhase;
			buildActionMask = 2147483647;
			files = (
				66D4F36529DC1A830082BDEE /* LaunchScreen.storyboard in Resources */,
				66D4F36229DC1A830082BDEE /* Assets.xcassets in Resources */,
			);
			runOnlyForDeploymentPostprocessing = 0;
		};
/* End PBXResourcesBuildPhase section */

/* Begin PBXShellScriptBuildPhase section */
		E32862D7CD286A19DB3DBFBB /* [CP] Check Pods Manifest.lock */ = {
			isa = PBXShellScriptBuildPhase;
			buildActionMask = 2147483647;
			files = (
			);
			inputFileListPaths = (
			);
			inputPaths = (
				"${PODS_PODFILE_DIR_PATH}/Podfile.lock",
				"${PODS_ROOT}/Manifest.lock",
			);
			name = "[CP] Check Pods Manifest.lock";
			outputFileListPaths = (
			);
			outputPaths = (
				"$(DERIVED_FILE_DIR)/Pods-HelloCulture-checkManifestLockResult.txt",
			);
			runOnlyForDeploymentPostprocessing = 0;
			shellPath = /bin/sh;
			shellScript = "diff \"${PODS_PODFILE_DIR_PATH}/Podfile.lock\" \"${PODS_ROOT}/Manifest.lock\" > /dev/null\nif [ $? != 0 ] ; then\n    # print error to STDERR\n    echo \"error: The sandbox is not in sync with the Podfile.lock. Run 'pod install' or update your CocoaPods installation.\" >&2\n    exit 1\nfi\n# This output is used by Xcode 'outputs' to avoid re-running this script phase.\necho \"SUCCESS\" > \"${SCRIPT_OUTPUT_FILE_0}\"\n";
			showEnvVarsInLog = 0;
		};
/* End PBXShellScriptBuildPhase section */

/* Begin PBXSourcesBuildPhase section */
		66D4F35129DC1A820082BDEE /* Sources */ = {
			isa = PBXSourcesBuildPhase;
			buildActionMask = 2147483647;
			files = (
				66602D5C29E15433005905D6 /* ShadowView.swift in Sources */,
				66D4F35D29DC1A820082BDEE /* MainTabBarController.swift in Sources */,
				66602D6529E44047005905D6 /* DetailUsecase.swift in Sources */,
				66D4F35929DC1A820082BDEE /* AppDelegate.swift in Sources */,
				66D4F36D29DC1CCE0082BDEE /* HomeViewController.swift in Sources */,
				66D4F37129DC1CE70082BDEE /* HomeView.swift in Sources */,
				66602D6929E4405D005905D6 /* HomeUsecase.swift in Sources */,
				66BFBE8829DC2EBC00667E2B /* HomeHeaderView.swift in Sources */,
				66602D6729E44050005905D6 /* DetailView.swift in Sources */,
				66D4F36F29DC1CE20082BDEE /* HomeViewModel.swift in Sources */,
				66602D6029E44019005905D6 /* DetailViewController.swift in Sources */,
				66BFBE8529DC208B00667E2B /* ImageCell.swift in Sources */,
				66602D6329E4403E005905D6 /* DetailViewModel.swift in Sources */,
				66D4F35B29DC1A820082BDEE /* SceneDelegate.swift in Sources */,
			);
			runOnlyForDeploymentPostprocessing = 0;
		};
/* End PBXSourcesBuildPhase section */

/* Begin PBXVariantGroup section */
		66D4F36329DC1A830082BDEE /* LaunchScreen.storyboard */ = {
			isa = PBXVariantGroup;
			children = (
				66D4F36429DC1A830082BDEE /* Base */,
			);
			name = LaunchScreen.storyboard;
			sourceTree = "<group>";
		};
/* End PBXVariantGroup section */

/* Begin XCBuildConfiguration section */
		66D4F36729DC1A830082BDEE /* Debug */ = {
			isa = XCBuildConfiguration;
			buildSettings = {
				ALWAYS_SEARCH_USER_PATHS = NO;
				CLANG_ANALYZER_NONNULL = YES;
				CLANG_ANALYZER_NUMBER_OBJECT_CONVERSION = YES_AGGRESSIVE;
				CLANG_CXX_LANGUAGE_STANDARD = "gnu++20";
				CLANG_ENABLE_MODULES = YES;
				CLANG_ENABLE_OBJC_ARC = YES;
				CLANG_ENABLE_OBJC_WEAK = YES;
				CLANG_WARN_BLOCK_CAPTURE_AUTORELEASING = YES;
				CLANG_WARN_BOOL_CONVERSION = YES;
				CLANG_WARN_COMMA = YES;
				CLANG_WARN_CONSTANT_CONVERSION = YES;
				CLANG_WARN_DEPRECATED_OBJC_IMPLEMENTATIONS = YES;
				CLANG_WARN_DIRECT_OBJC_ISA_USAGE = YES_ERROR;
				CLANG_WARN_DOCUMENTATION_COMMENTS = YES;
				CLANG_WARN_EMPTY_BODY = YES;
				CLANG_WARN_ENUM_CONVERSION = YES;
				CLANG_WARN_INFINITE_RECURSION = YES;
				CLANG_WARN_INT_CONVERSION = YES;
				CLANG_WARN_NON_LITERAL_NULL_CONVERSION = YES;
				CLANG_WARN_OBJC_IMPLICIT_RETAIN_SELF = YES;
				CLANG_WARN_OBJC_LITERAL_CONVERSION = YES;
				CLANG_WARN_OBJC_ROOT_CLASS = YES_ERROR;
				CLANG_WARN_QUOTED_INCLUDE_IN_FRAMEWORK_HEADER = YES;
				CLANG_WARN_RANGE_LOOP_ANALYSIS = YES;
				CLANG_WARN_STRICT_PROTOTYPES = YES;
				CLANG_WARN_SUSPICIOUS_MOVE = YES;
				CLANG_WARN_UNGUARDED_AVAILABILITY = YES_AGGRESSIVE;
				CLANG_WARN_UNREACHABLE_CODE = YES;
				CLANG_WARN__DUPLICATE_METHOD_MATCH = YES;
				COPY_PHASE_STRIP = NO;
				DEBUG_INFORMATION_FORMAT = dwarf;
				ENABLE_STRICT_OBJC_MSGSEND = YES;
				ENABLE_TESTABILITY = YES;
				GCC_C_LANGUAGE_STANDARD = gnu11;
				GCC_DYNAMIC_NO_PIC = NO;
				GCC_NO_COMMON_BLOCKS = YES;
				GCC_OPTIMIZATION_LEVEL = 0;
				GCC_PREPROCESSOR_DEFINITIONS = (
					"DEBUG=1",
					"$(inherited)",
				);
				GCC_WARN_64_TO_32_BIT_CONVERSION = YES;
				GCC_WARN_ABOUT_RETURN_TYPE = YES_ERROR;
				GCC_WARN_UNDECLARED_SELECTOR = YES;
				GCC_WARN_UNINITIALIZED_AUTOS = YES_AGGRESSIVE;
				GCC_WARN_UNUSED_FUNCTION = YES;
				GCC_WARN_UNUSED_VARIABLE = YES;
				IPHONEOS_DEPLOYMENT_TARGET = 16.4;
				MTL_ENABLE_DEBUG_INFO = INCLUDE_SOURCE;
				MTL_FAST_MATH = YES;
				ONLY_ACTIVE_ARCH = YES;
				SDKROOT = iphoneos;
				SWIFT_ACTIVE_COMPILATION_CONDITIONS = DEBUG;
				SWIFT_OPTIMIZATION_LEVEL = "-Onone";
			};
			name = Debug;
		};
		66D4F36829DC1A830082BDEE /* Release */ = {
			isa = XCBuildConfiguration;
			buildSettings = {
				ALWAYS_SEARCH_USER_PATHS = NO;
				CLANG_ANALYZER_NONNULL = YES;
				CLANG_ANALYZER_NUMBER_OBJECT_CONVERSION = YES_AGGRESSIVE;
				CLANG_CXX_LANGUAGE_STANDARD = "gnu++20";
				CLANG_ENABLE_MODULES = YES;
				CLANG_ENABLE_OBJC_ARC = YES;
				CLANG_ENABLE_OBJC_WEAK = YES;
				CLANG_WARN_BLOCK_CAPTURE_AUTORELEASING = YES;
				CLANG_WARN_BOOL_CONVERSION = YES;
				CLANG_WARN_COMMA = YES;
				CLANG_WARN_CONSTANT_CONVERSION = YES;
				CLANG_WARN_DEPRECATED_OBJC_IMPLEMENTATIONS = YES;
				CLANG_WARN_DIRECT_OBJC_ISA_USAGE = YES_ERROR;
				CLANG_WARN_DOCUMENTATION_COMMENTS = YES;
				CLANG_WARN_EMPTY_BODY = YES;
				CLANG_WARN_ENUM_CONVERSION = YES;
				CLANG_WARN_INFINITE_RECURSION = YES;
				CLANG_WARN_INT_CONVERSION = YES;
				CLANG_WARN_NON_LITERAL_NULL_CONVERSION = YES;
				CLANG_WARN_OBJC_IMPLICIT_RETAIN_SELF = YES;
				CLANG_WARN_OBJC_LITERAL_CONVERSION = YES;
				CLANG_WARN_OBJC_ROOT_CLASS = YES_ERROR;
				CLANG_WARN_QUOTED_INCLUDE_IN_FRAMEWORK_HEADER = YES;
				CLANG_WARN_RANGE_LOOP_ANALYSIS = YES;
				CLANG_WARN_STRICT_PROTOTYPES = YES;
				CLANG_WARN_SUSPICIOUS_MOVE = YES;
				CLANG_WARN_UNGUARDED_AVAILABILITY = YES_AGGRESSIVE;
				CLANG_WARN_UNREACHABLE_CODE = YES;
				CLANG_WARN__DUPLICATE_METHOD_MATCH = YES;
				COPY_PHASE_STRIP = NO;
				DEBUG_INFORMATION_FORMAT = "dwarf-with-dsym";
				ENABLE_NS_ASSERTIONS = NO;
				ENABLE_STRICT_OBJC_MSGSEND = YES;
				GCC_C_LANGUAGE_STANDARD = gnu11;
				GCC_NO_COMMON_BLOCKS = YES;
				GCC_WARN_64_TO_32_BIT_CONVERSION = YES;
				GCC_WARN_ABOUT_RETURN_TYPE = YES_ERROR;
				GCC_WARN_UNDECLARED_SELECTOR = YES;
				GCC_WARN_UNINITIALIZED_AUTOS = YES_AGGRESSIVE;
				GCC_WARN_UNUSED_FUNCTION = YES;
				GCC_WARN_UNUSED_VARIABLE = YES;
				IPHONEOS_DEPLOYMENT_TARGET = 16.4;
				MTL_ENABLE_DEBUG_INFO = NO;
				MTL_FAST_MATH = YES;
				SDKROOT = iphoneos;
				SWIFT_COMPILATION_MODE = wholemodule;
				SWIFT_OPTIMIZATION_LEVEL = "-O";
				VALIDATE_PRODUCT = YES;
			};
			name = Release;
		};
		66D4F36A29DC1A830082BDEE /* Debug */ = {
			isa = XCBuildConfiguration;
			baseConfigurationReference = 666CC900B9397FE326EF36CC /* Pods-HelloCulture.debug.xcconfig */;
			buildSettings = {
				ASSETCATALOG_COMPILER_APPICON_NAME = AppIcon;
				ASSETCATALOG_COMPILER_GLOBAL_ACCENT_COLOR_NAME = AccentColor;
				CODE_SIGN_STYLE = Automatic;
				CURRENT_PROJECT_VERSION = 1;
				DEVELOPMENT_TEAM = VW2UR5Y845;
				GENERATE_INFOPLIST_FILE = YES;
				INFOPLIST_FILE = HelloCulture/Info.plist;
				INFOPLIST_KEY_UIApplicationSupportsIndirectInputEvents = YES;
				INFOPLIST_KEY_UILaunchStoryboardName = LaunchScreen;
				INFOPLIST_KEY_UISupportedInterfaceOrientations_iPad = "UIInterfaceOrientationPortrait UIInterfaceOrientationPortraitUpsideDown UIInterfaceOrientationLandscapeLeft UIInterfaceOrientationLandscapeRight";
				INFOPLIST_KEY_UISupportedInterfaceOrientations_iPhone = "UIInterfaceOrientationPortrait UIInterfaceOrientationLandscapeLeft UIInterfaceOrientationLandscapeRight";
				LD_RUNPATH_SEARCH_PATHS = (
					"$(inherited)",
					"@executable_path/Frameworks",
				);
				MARKETING_VERSION = 1.0;
				PRODUCT_BUNDLE_IDENTIFIER = com.junhyeok.HelloCulture;
				PRODUCT_NAME = "$(TARGET_NAME)";
				SUPPORTED_PLATFORMS = "iphoneos iphonesimulator";
				SUPPORTS_MACCATALYST = NO;
				SUPPORTS_MAC_DESIGNED_FOR_IPHONE_IPAD = YES;
				SWIFT_EMIT_LOC_STRINGS = YES;
				SWIFT_VERSION = 5.0;
				TARGETED_DEVICE_FAMILY = 1;
			};
			name = Debug;
		};
		66D4F36B29DC1A830082BDEE /* Release */ = {
			isa = XCBuildConfiguration;
			baseConfigurationReference = 6FD22BB8025E0D6B09114A58 /* Pods-HelloCulture.release.xcconfig */;
			buildSettings = {
				ASSETCATALOG_COMPILER_APPICON_NAME = AppIcon;
				ASSETCATALOG_COMPILER_GLOBAL_ACCENT_COLOR_NAME = AccentColor;
				CODE_SIGN_STYLE = Automatic;
				CURRENT_PROJECT_VERSION = 1;
				DEVELOPMENT_TEAM = VW2UR5Y845;
				GENERATE_INFOPLIST_FILE = YES;
				INFOPLIST_FILE = HelloCulture/Info.plist;
				INFOPLIST_KEY_UIApplicationSupportsIndirectInputEvents = YES;
				INFOPLIST_KEY_UILaunchStoryboardName = LaunchScreen;
				INFOPLIST_KEY_UISupportedInterfaceOrientations_iPad = "UIInterfaceOrientationPortrait UIInterfaceOrientationPortraitUpsideDown UIInterfaceOrientationLandscapeLeft UIInterfaceOrientationLandscapeRight";
				INFOPLIST_KEY_UISupportedInterfaceOrientations_iPhone = "UIInterfaceOrientationPortrait UIInterfaceOrientationLandscapeLeft UIInterfaceOrientationLandscapeRight";
				LD_RUNPATH_SEARCH_PATHS = (
					"$(inherited)",
					"@executable_path/Frameworks",
				);
				MARKETING_VERSION = 1.0;
				PRODUCT_BUNDLE_IDENTIFIER = com.junhyeok.HelloCulture;
				PRODUCT_NAME = "$(TARGET_NAME)";
				SUPPORTED_PLATFORMS = "iphoneos iphonesimulator";
				SUPPORTS_MACCATALYST = NO;
				SUPPORTS_MAC_DESIGNED_FOR_IPHONE_IPAD = YES;
				SWIFT_EMIT_LOC_STRINGS = YES;
				SWIFT_VERSION = 5.0;
				TARGETED_DEVICE_FAMILY = 1;
			};
			name = Release;
		};
/* End XCBuildConfiguration section */

/* Begin XCConfigurationList section */
		66D4F35029DC1A820082BDEE /* Build configuration list for PBXProject "HelloCulture" */ = {
			isa = XCConfigurationList;
			buildConfigurations = (
				66D4F36729DC1A830082BDEE /* Debug */,
				66D4F36829DC1A830082BDEE /* Release */,
			);
			defaultConfigurationIsVisible = 0;
			defaultConfigurationName = Release;
		};
		66D4F36929DC1A830082BDEE /* Build configuration list for PBXNativeTarget "HelloCulture" */ = {
			isa = XCConfigurationList;
			buildConfigurations = (
				66D4F36A29DC1A830082BDEE /* Debug */,
				66D4F36B29DC1A830082BDEE /* Release */,
			);
			defaultConfigurationIsVisible = 0;
			defaultConfigurationName = Release;
		};
/* End XCConfigurationList section */
	};
	rootObject = 66D4F34D29DC1A820082BDEE /* Project object */;
}
